// !$*UTF8*$!
{
	archiveVersion = 1;
	classes = {
	};
	objectVersion = 56;
	objects = {

/* Begin PBXBuildFile section */
		CF299F672A5CBD1D00CF1C3F /* HabitsApp.swift in Sources */ = {isa = PBXBuildFile; fileRef = CF299F662A5CBD1D00CF1C3F /* HabitsApp.swift */; };
		CF299F692A5CBD1D00CF1C3F /* Item.swift in Sources */ = {isa = PBXBuildFile; fileRef = CF299F682A5CBD1D00CF1C3F /* Item.swift */; };
		CF299F6B2A5CBD1D00CF1C3F /* ContentView_OG.swift in Sources */ = {isa = PBXBuildFile; fileRef = CF299F6A2A5CBD1D00CF1C3F /* ContentView_OG.swift */; };
		CF299F6D2A5CBD1E00CF1C3F /* Assets.xcassets in Resources */ = {isa = PBXBuildFile; fileRef = CF299F6C2A5CBD1E00CF1C3F /* Assets.xcassets */; };
		CF299F712A5CBD1E00CF1C3F /* Preview Assets.xcassets in Resources */ = {isa = PBXBuildFile; fileRef = CF299F702A5CBD1E00CF1C3F /* Preview Assets.xcassets */; };
		CF299F7B2A5CBD1E00CF1C3F /* HabitsTests.swift in Sources */ = {isa = PBXBuildFile; fileRef = CF299F7A2A5CBD1E00CF1C3F /* HabitsTests.swift */; };
		CF299F852A5CBD1E00CF1C3F /* HabitsUITests.swift in Sources */ = {isa = PBXBuildFile; fileRef = CF299F842A5CBD1E00CF1C3F /* HabitsUITests.swift */; };
		CF299F872A5CBD1E00CF1C3F /* HabitsUITestsLaunchTests.swift in Sources */ = {isa = PBXBuildFile; fileRef = CF299F862A5CBD1E00CF1C3F /* HabitsUITestsLaunchTests.swift */; };
		CF299F972A63599A00CF1C3F /* Color.swift in Sources */ = {isa = PBXBuildFile; fileRef = CF299F962A63599A00CF1C3F /* Color.swift */; };
		CF3C1A8F2A641BD300711D61 /* HapticFeedback.swift in Sources */ = {isa = PBXBuildFile; fileRef = CF3C1A8E2A641BD300711D61 /* HapticFeedback.swift */; };
		CF3C1A912A641D9C00711D61 /* CustomTabBar.swift in Sources */ = {isa = PBXBuildFile; fileRef = CF3C1A902A641D9C00711D61 /* CustomTabBar.swift */; };
		CF3C1A992A64227200711D61 /* OnboardingContentView.swift in Sources */ = {isa = PBXBuildFile; fileRef = CF3C1A972A64227200711D61 /* OnboardingContentView.swift */; };
		CF3C1A9A2A64227200711D61 /* OnboardingView.swift in Sources */ = {isa = PBXBuildFile; fileRef = CF3C1A982A64227200711D61 /* OnboardingView.swift */; };
		CF3C1A9D2A6423B200711D61 /* Habit.swift in Sources */ = {isa = PBXBuildFile; fileRef = CF3C1A9C2A6423B200711D61 /* Habit.swift */; };
		CF3C1A9F2A64246800711D61 /* Date.swift in Sources */ = {isa = PBXBuildFile; fileRef = CF3C1A9E2A64246800711D61 /* Date.swift */; };
		CF3C1AA22A64251000711D61 /* HabitListView.swift in Sources */ = {isa = PBXBuildFile; fileRef = CF3C1AA12A64251000711D61 /* HabitListView.swift */; };
		CF3C1AA42A64664C00711D61 /* AppearanceConfigurator.swift in Sources */ = {isa = PBXBuildFile; fileRef = CF3C1AA32A64664C00711D61 /* AppearanceConfigurator.swift */; };
		CF3C1AA62A646A3A00711D61 /* BackgroundGradient.swift in Sources */ = {isa = PBXBuildFile; fileRef = CF3C1AA52A646A3A00711D61 /* BackgroundGradient.swift */; };
		CF3C1AA82A64753B00711D61 /* SelectableButton.swift in Sources */ = {isa = PBXBuildFile; fileRef = CF3C1AA72A64753B00711D61 /* SelectableButton.swift */; };
		CF568F992A693F7A00798AB9 /* HabitStoreView.swift in Sources */ = {isa = PBXBuildFile; fileRef = CF568F982A693F7A00798AB9 /* HabitStoreView.swift */; };
		CF568F9B2A6940A400798AB9 /* HabitDetailsView2.swift in Sources */ = {isa = PBXBuildFile; fileRef = CF568F9A2A6940A400798AB9 /* HabitDetailsView2.swift */; };
		CF568F9E2A69428500798AB9 /* HabitCardView.swift in Sources */ = {isa = PBXBuildFile; fileRef = CF568F9D2A69428500798AB9 /* HabitCardView.swift */; };
		CF568FA12A69487100798AB9 /* CategoryCardView.swift in Sources */ = {isa = PBXBuildFile; fileRef = CF568FA02A69487100798AB9 /* CategoryCardView.swift */; };
		CF568FA32A6948A700798AB9 /* RoadmapCardView.swift in Sources */ = {isa = PBXBuildFile; fileRef = CF568FA22A6948A700798AB9 /* RoadmapCardView.swift */; };
		CFEFB9382A635E4800AE61F1 /* DashboardView.swift in Sources */ = {isa = PBXBuildFile; fileRef = CFEFB9372A635E4800AE61F1 /* DashboardView.swift */; };
		CFEFB93A2A63611200AE61F1 /* AddHabitView.swift in Sources */ = {isa = PBXBuildFile; fileRef = CFEFB9392A63611200AE61F1 /* AddHabitView.swift */; };
		CFEFB93C2A63614000AE61F1 /* HabitDetailView.swift in Sources */ = {isa = PBXBuildFile; fileRef = CFEFB93B2A63614000AE61F1 /* HabitDetailView.swift */; };
		CFEFB9402A63624500AE61F1 /* DailyReminderSetupView.swift in Sources */ = {isa = PBXBuildFile; fileRef = CFEFB93F2A63624500AE61F1 /* DailyReminderSetupView.swift */; };
		CFEFB9422A63626B00AE61F1 /* NightlySummaryView.swift in Sources */ = {isa = PBXBuildFile; fileRef = CFEFB9412A63626B00AE61F1 /* NightlySummaryView.swift */; };
		CFEFB9442A636AF200AE61F1 /* HabitRowView.swift in Sources */ = {isa = PBXBuildFile; fileRef = CFEFB9432A636AF200AE61F1 /* HabitRowView.swift */; };
		CFEFB9462A63FF5000AE61F1 /* ContentView.swift in Sources */ = {isa = PBXBuildFile; fileRef = CFEFB9452A63FF5000AE61F1 /* ContentView.swift */; };
/* End PBXBuildFile section */

/* Begin PBXContainerItemProxy section */
		CF299F772A5CBD1E00CF1C3F /* PBXContainerItemProxy */ = {
			isa = PBXContainerItemProxy;
			containerPortal = CF299F5B2A5CBD1D00CF1C3F /* Project object */;
			proxyType = 1;
			remoteGlobalIDString = CF299F622A5CBD1D00CF1C3F;
			remoteInfo = Habits;
		};
		CF299F812A5CBD1E00CF1C3F /* PBXContainerItemProxy */ = {
			isa = PBXContainerItemProxy;
			containerPortal = CF299F5B2A5CBD1D00CF1C3F /* Project object */;
			proxyType = 1;
			remoteGlobalIDString = CF299F622A5CBD1D00CF1C3F;
			remoteInfo = Habits;
		};
/* End PBXContainerItemProxy section */

/* Begin PBXFileReference section */
		CF299F632A5CBD1D00CF1C3F /* Habits.app */ = {isa = PBXFileReference; explicitFileType = wrapper.application; includeInIndex = 0; path = Habits.app; sourceTree = BUILT_PRODUCTS_DIR; };
		CF299F662A5CBD1D00CF1C3F /* HabitsApp.swift */ = {isa = PBXFileReference; lastKnownFileType = sourcecode.swift; path = HabitsApp.swift; sourceTree = "<group>"; };
		CF299F682A5CBD1D00CF1C3F /* Item.swift */ = {isa = PBXFileReference; lastKnownFileType = sourcecode.swift; path = Item.swift; sourceTree = "<group>"; };
		CF299F6A2A5CBD1D00CF1C3F /* ContentView_OG.swift */ = {isa = PBXFileReference; lastKnownFileType = sourcecode.swift; path = ContentView_OG.swift; sourceTree = "<group>"; };
		CF299F6C2A5CBD1E00CF1C3F /* Assets.xcassets */ = {isa = PBXFileReference; lastKnownFileType = folder.assetcatalog; path = Assets.xcassets; sourceTree = "<group>"; };
		CF299F6E2A5CBD1E00CF1C3F /* Habits.entitlements */ = {isa = PBXFileReference; lastKnownFileType = text.plist.entitlements; path = Habits.entitlements; sourceTree = "<group>"; };
		CF299F702A5CBD1E00CF1C3F /* Preview Assets.xcassets */ = {isa = PBXFileReference; lastKnownFileType = folder.assetcatalog; path = "Preview Assets.xcassets"; sourceTree = "<group>"; };
		CF299F762A5CBD1E00CF1C3F /* HabitsTests.xctest */ = {isa = PBXFileReference; explicitFileType = wrapper.cfbundle; includeInIndex = 0; path = HabitsTests.xctest; sourceTree = BUILT_PRODUCTS_DIR; };
		CF299F7A2A5CBD1E00CF1C3F /* HabitsTests.swift */ = {isa = PBXFileReference; lastKnownFileType = sourcecode.swift; path = HabitsTests.swift; sourceTree = "<group>"; };
		CF299F802A5CBD1E00CF1C3F /* HabitsUITests.xctest */ = {isa = PBXFileReference; explicitFileType = wrapper.cfbundle; includeInIndex = 0; path = HabitsUITests.xctest; sourceTree = BUILT_PRODUCTS_DIR; };
		CF299F842A5CBD1E00CF1C3F /* HabitsUITests.swift */ = {isa = PBXFileReference; lastKnownFileType = sourcecode.swift; path = HabitsUITests.swift; sourceTree = "<group>"; };
		CF299F862A5CBD1E00CF1C3F /* HabitsUITestsLaunchTests.swift */ = {isa = PBXFileReference; lastKnownFileType = sourcecode.swift; path = HabitsUITestsLaunchTests.swift; sourceTree = "<group>"; };
		CF299F962A63599A00CF1C3F /* Color.swift */ = {isa = PBXFileReference; lastKnownFileType = sourcecode.swift; path = Color.swift; sourceTree = "<group>"; };
		CF3C1A8E2A641BD300711D61 /* HapticFeedback.swift */ = {isa = PBXFileReference; lastKnownFileType = sourcecode.swift; path = HapticFeedback.swift; sourceTree = "<group>"; };
		CF3C1A902A641D9C00711D61 /* CustomTabBar.swift */ = {isa = PBXFileReference; lastKnownFileType = sourcecode.swift; path = CustomTabBar.swift; sourceTree = "<group>"; };
		CF3C1A972A64227200711D61 /* OnboardingContentView.swift */ = {isa = PBXFileReference; fileEncoding = 4; lastKnownFileType = sourcecode.swift; path = OnboardingContentView.swift; sourceTree = "<group>"; };
		CF3C1A982A64227200711D61 /* OnboardingView.swift */ = {isa = PBXFileReference; fileEncoding = 4; lastKnownFileType = sourcecode.swift; path = OnboardingView.swift; sourceTree = "<group>"; };
		CF3C1A9C2A6423B200711D61 /* Habit.swift */ = {isa = PBXFileReference; lastKnownFileType = sourcecode.swift; path = Habit.swift; sourceTree = "<group>"; };
		CF3C1A9E2A64246800711D61 /* Date.swift */ = {isa = PBXFileReference; lastKnownFileType = sourcecode.swift; path = Date.swift; sourceTree = "<group>"; };
		CF3C1AA12A64251000711D61 /* HabitListView.swift */ = {isa = PBXFileReference; lastKnownFileType = sourcecode.swift; path = HabitListView.swift; sourceTree = "<group>"; };
		CF3C1AA32A64664C00711D61 /* AppearanceConfigurator.swift */ = {isa = PBXFileReference; lastKnownFileType = sourcecode.swift; path = AppearanceConfigurator.swift; sourceTree = "<group>"; };
		CF3C1AA52A646A3A00711D61 /* BackgroundGradient.swift */ = {isa = PBXFileReference; lastKnownFileType = sourcecode.swift; path = BackgroundGradient.swift; sourceTree = "<group>"; };
		CF3C1AA72A64753B00711D61 /* SelectableButton.swift */ = {isa = PBXFileReference; lastKnownFileType = sourcecode.swift; path = SelectableButton.swift; sourceTree = "<group>"; };
		CF568F982A693F7A00798AB9 /* HabitStoreView.swift */ = {isa = PBXFileReference; lastKnownFileType = sourcecode.swift; path = HabitStoreView.swift; sourceTree = "<group>"; };
		CF568F9A2A6940A400798AB9 /* HabitDetailsView2.swift */ = {isa = PBXFileReference; lastKnownFileType = sourcecode.swift; path = HabitDetailsView2.swift; sourceTree = "<group>"; };
		CF568F9D2A69428500798AB9 /* HabitCardView.swift */ = {isa = PBXFileReference; lastKnownFileType = sourcecode.swift; path = HabitCardView.swift; sourceTree = "<group>"; };
		CF568FA02A69487100798AB9 /* CategoryCardView.swift */ = {isa = PBXFileReference; lastKnownFileType = sourcecode.swift; path = CategoryCardView.swift; sourceTree = "<group>"; };
		CF568FA22A6948A700798AB9 /* RoadmapCardView.swift */ = {isa = PBXFileReference; lastKnownFileType = sourcecode.swift; path = RoadmapCardView.swift; sourceTree = "<group>"; };
		CFEFB9372A635E4800AE61F1 /* DashboardView.swift */ = {isa = PBXFileReference; lastKnownFileType = sourcecode.swift; path = DashboardView.swift; sourceTree = "<group>"; };
		CFEFB9392A63611200AE61F1 /* AddHabitView.swift */ = {isa = PBXFileReference; lastKnownFileType = sourcecode.swift; path = AddHabitView.swift; sourceTree = "<group>"; };
		CFEFB93B2A63614000AE61F1 /* HabitDetailView.swift */ = {isa = PBXFileReference; lastKnownFileType = sourcecode.swift; path = HabitDetailView.swift; sourceTree = "<group>"; };
		CFEFB93F2A63624500AE61F1 /* DailyReminderSetupView.swift */ = {isa = PBXFileReference; lastKnownFileType = sourcecode.swift; path = DailyReminderSetupView.swift; sourceTree = "<group>"; };
		CFEFB9412A63626B00AE61F1 /* NightlySummaryView.swift */ = {isa = PBXFileReference; lastKnownFileType = sourcecode.swift; path = NightlySummaryView.swift; sourceTree = "<group>"; };
		CFEFB9432A636AF200AE61F1 /* HabitRowView.swift */ = {isa = PBXFileReference; lastKnownFileType = sourcecode.swift; path = HabitRowView.swift; sourceTree = "<group>"; };
		CFEFB9452A63FF5000AE61F1 /* ContentView.swift */ = {isa = PBXFileReference; lastKnownFileType = sourcecode.swift; path = ContentView.swift; sourceTree = "<group>"; };
/* End PBXFileReference section */

/* Begin PBXFrameworksBuildPhase section */
		CF299F602A5CBD1D00CF1C3F /* Frameworks */ = {
			isa = PBXFrameworksBuildPhase;
			buildActionMask = 2147483647;
			files = (
			);
			runOnlyForDeploymentPostprocessing = 0;
		};
		CF299F732A5CBD1E00CF1C3F /* Frameworks */ = {
			isa = PBXFrameworksBuildPhase;
			buildActionMask = 2147483647;
			files = (
			);
			runOnlyForDeploymentPostprocessing = 0;
		};
		CF299F7D2A5CBD1E00CF1C3F /* Frameworks */ = {
			isa = PBXFrameworksBuildPhase;
			buildActionMask = 2147483647;
			files = (
			);
			runOnlyForDeploymentPostprocessing = 0;
		};
/* End PBXFrameworksBuildPhase section */

/* Begin PBXGroup section */
		CF299F5A2A5CBD1D00CF1C3F = {
			isa = PBXGroup;
			children = (
				CF299F652A5CBD1D00CF1C3F /* Habits */,
				CF299F792A5CBD1E00CF1C3F /* HabitsTests */,
				CF299F832A5CBD1E00CF1C3F /* HabitsUITests */,
				CF299F642A5CBD1D00CF1C3F /* Products */,
			);
			sourceTree = "<group>";
		};
		CF299F642A5CBD1D00CF1C3F /* Products */ = {
			isa = PBXGroup;
			children = (
				CF299F632A5CBD1D00CF1C3F /* Habits.app */,
				CF299F762A5CBD1E00CF1C3F /* HabitsTests.xctest */,
				CF299F802A5CBD1E00CF1C3F /* HabitsUITests.xctest */,
			);
			name = Products;
			sourceTree = "<group>";
		};
		CF299F652A5CBD1D00CF1C3F /* Habits */ = {
			isa = PBXGroup;
			children = (
				CF568F972A693EC900798AB9 /* HabitStore */,
				CF299F662A5CBD1D00CF1C3F /* HabitsApp.swift */,
				CFEFB9452A63FF5000AE61F1 /* ContentView.swift */,
				CF3C1A902A641D9C00711D61 /* CustomTabBar.swift */,
				CF3C1AA52A646A3A00711D61 /* BackgroundGradient.swift */,
				CF3C1A9B2A64228900711D61 /* AddHabit */,
				CF3C1A962A64227200711D61 /* Onboarding */,
				CF3C1A952A64224B00711D61 /* Dashboard */,
				CF3C1AA02A6424F600711D61 /* List */,
				CFEFB9412A63626B00AE61F1 /* NightlySummaryView.swift */,
				CFEFB93F2A63624500AE61F1 /* DailyReminderSetupView.swift */,
				CF299F6A2A5CBD1D00CF1C3F /* ContentView_OG.swift */,
				CF299F6C2A5CBD1E00CF1C3F /* Assets.xcassets */,
				CF299F6E2A5CBD1E00CF1C3F /* Habits.entitlements */,
				CF3C1A8D2A641BBA00711D61 /* Utilities */,
				CF299F952A63598800CF1C3F /* Extensions */,
				CF299F6F2A5CBD1E00CF1C3F /* Preview Content */,
				CF299F682A5CBD1D00CF1C3F /* Item.swift */,
				CF3C1A9C2A6423B200711D61 /* Habit.swift */,
			);
			path = Habits;
			sourceTree = "<group>";
		};
		CF299F6F2A5CBD1E00CF1C3F /* Preview Content */ = {
			isa = PBXGroup;
			children = (
				CF299F702A5CBD1E00CF1C3F /* Preview Assets.xcassets */,
			);
			path = "Preview Content";
			sourceTree = "<group>";
		};
		CF299F792A5CBD1E00CF1C3F /* HabitsTests */ = {
			isa = PBXGroup;
			children = (
				CF299F7A2A5CBD1E00CF1C3F /* HabitsTests.swift */,
			);
			path = HabitsTests;
			sourceTree = "<group>";
		};
		CF299F832A5CBD1E00CF1C3F /* HabitsUITests */ = {
			isa = PBXGroup;
			children = (
				CF299F842A5CBD1E00CF1C3F /* HabitsUITests.swift */,
				CF299F862A5CBD1E00CF1C3F /* HabitsUITestsLaunchTests.swift */,
			);
			path = HabitsUITests;
			sourceTree = "<group>";
		};
		CF299F952A63598800CF1C3F /* Extensions */ = {
			isa = PBXGroup;
			children = (
				CF299F962A63599A00CF1C3F /* Color.swift */,
				CF3C1A9E2A64246800711D61 /* Date.swift */,
			);
			path = Extensions;
			sourceTree = "<group>";
		};
		CF3C1A8D2A641BBA00711D61 /* Utilities */ = {
			isa = PBXGroup;
			children = (
				CF3C1A8E2A641BD300711D61 /* HapticFeedback.swift */,
				CF3C1AA32A64664C00711D61 /* AppearanceConfigurator.swift */,
			);
			path = Utilities;
			sourceTree = "<group>";
		};
		CF3C1A952A64224B00711D61 /* Dashboard */ = {
			isa = PBXGroup;
			children = (
				CFEFB9372A635E4800AE61F1 /* DashboardView.swift */,
				CFEFB9432A636AF200AE61F1 /* HabitRowView.swift */,
			);
			path = Dashboard;
			sourceTree = "<group>";
		};
		CF3C1A962A64227200711D61 /* Onboarding */ = {
			isa = PBXGroup;
			children = (
				CF3C1A972A64227200711D61 /* OnboardingContentView.swift */,
				CF3C1A982A64227200711D61 /* OnboardingView.swift */,
			);
			path = Onboarding;
			sourceTree = "<group>";
		};
		CF3C1A9B2A64228900711D61 /* AddHabit */ = {
			isa = PBXGroup;
			children = (
				CFEFB9392A63611200AE61F1 /* AddHabitView.swift */,
				CF3C1AA72A64753B00711D61 /* SelectableButton.swift */,
			);
			path = AddHabit;
			sourceTree = "<group>";
		};
		CF3C1AA02A6424F600711D61 /* List */ = {
			isa = PBXGroup;
			children = (
				CF3C1AA12A64251000711D61 /* HabitListView.swift */,
				CFEFB93B2A63614000AE61F1 /* HabitDetailView.swift */,
			);
			path = List;
			sourceTree = "<group>";
		};
		CF568F972A693EC900798AB9 /* HabitStore */ = {
			isa = PBXGroup;
			children = (
				CF568F982A693F7A00798AB9 /* HabitStoreView.swift */,
				CF568F9A2A6940A400798AB9 /* HabitDetailsView2.swift */,
				CF568F9F2A69485F00798AB9 /* CardViews */,
			);
			path = HabitStore;
			sourceTree = "<group>";
		};
		CF568F9F2A69485F00798AB9 /* CardViews */ = {
			isa = PBXGroup;
			children = (
				CF568F9D2A69428500798AB9 /* HabitCardView.swift */,
				CF568FA02A69487100798AB9 /* CategoryCardView.swift */,
				CF568FA22A6948A700798AB9 /* RoadmapCardView.swift */,
			);
			path = CardViews;
			sourceTree = "<group>";
		};
/* End PBXGroup section */

/* Begin PBXNativeTarget section */
		CF299F622A5CBD1D00CF1C3F /* Habits */ = {
			isa = PBXNativeTarget;
			buildConfigurationList = CF299F8A2A5CBD1E00CF1C3F /* Build configuration list for PBXNativeTarget "Habits" */;
			buildPhases = (
				CF299F5F2A5CBD1D00CF1C3F /* Sources */,
				CF299F602A5CBD1D00CF1C3F /* Frameworks */,
				CF299F612A5CBD1D00CF1C3F /* Resources */,
			);
			buildRules = (
			);
			dependencies = (
			);
			name = Habits;
			productName = Habits;
			productReference = CF299F632A5CBD1D00CF1C3F /* Habits.app */;
			productType = "com.apple.product-type.application";
		};
		CF299F752A5CBD1E00CF1C3F /* HabitsTests */ = {
			isa = PBXNativeTarget;
			buildConfigurationList = CF299F8D2A5CBD1E00CF1C3F /* Build configuration list for PBXNativeTarget "HabitsTests" */;
			buildPhases = (
				CF299F722A5CBD1E00CF1C3F /* Sources */,
				CF299F732A5CBD1E00CF1C3F /* Frameworks */,
				CF299F742A5CBD1E00CF1C3F /* Resources */,
			);
			buildRules = (
			);
			dependencies = (
				CF299F782A5CBD1E00CF1C3F /* PBXTargetDependency */,
			);
			name = HabitsTests;
			productName = HabitsTests;
			productReference = CF299F762A5CBD1E00CF1C3F /* HabitsTests.xctest */;
			productType = "com.apple.product-type.bundle.unit-test";
		};
		CF299F7F2A5CBD1E00CF1C3F /* HabitsUITests */ = {
			isa = PBXNativeTarget;
			buildConfigurationList = CF299F902A5CBD1E00CF1C3F /* Build configuration list for PBXNativeTarget "HabitsUITests" */;
			buildPhases = (
				CF299F7C2A5CBD1E00CF1C3F /* Sources */,
				CF299F7D2A5CBD1E00CF1C3F /* Frameworks */,
				CF299F7E2A5CBD1E00CF1C3F /* Resources */,
			);
			buildRules = (
			);
			dependencies = (
				CF299F822A5CBD1E00CF1C3F /* PBXTargetDependency */,
			);
			name = HabitsUITests;
			productName = HabitsUITests;
			productReference = CF299F802A5CBD1E00CF1C3F /* HabitsUITests.xctest */;
			productType = "com.apple.product-type.bundle.ui-testing";
		};
/* End PBXNativeTarget section */

/* Begin PBXProject section */
		CF299F5B2A5CBD1D00CF1C3F /* Project object */ = {
			isa = PBXProject;
			attributes = {
				BuildIndependentTargetsInParallel = 1;
				LastSwiftUpdateCheck = 1500;
				LastUpgradeCheck = 1500;
				TargetAttributes = {
					CF299F622A5CBD1D00CF1C3F = {
						CreatedOnToolsVersion = 15.0;
					};
					CF299F752A5CBD1E00CF1C3F = {
						CreatedOnToolsVersion = 15.0;
						TestTargetID = CF299F622A5CBD1D00CF1C3F;
					};
					CF299F7F2A5CBD1E00CF1C3F = {
						CreatedOnToolsVersion = 15.0;
						TestTargetID = CF299F622A5CBD1D00CF1C3F;
					};
				};
			};
			buildConfigurationList = CF299F5E2A5CBD1D00CF1C3F /* Build configuration list for PBXProject "Habits" */;
			compatibilityVersion = "Xcode 14.0";
			developmentRegion = en;
			hasScannedForEncodings = 0;
			knownRegions = (
				en,
				Base,
			);
			mainGroup = CF299F5A2A5CBD1D00CF1C3F;
			productRefGroup = CF299F642A5CBD1D00CF1C3F /* Products */;
			projectDirPath = "";
			projectRoot = "";
			targets = (
				CF299F622A5CBD1D00CF1C3F /* Habits */,
				CF299F752A5CBD1E00CF1C3F /* HabitsTests */,
				CF299F7F2A5CBD1E00CF1C3F /* HabitsUITests */,
			);
		};
/* End PBXProject section */

/* Begin PBXResourcesBuildPhase section */
		CF299F612A5CBD1D00CF1C3F /* Resources */ = {
			isa = PBXResourcesBuildPhase;
			buildActionMask = 2147483647;
			files = (
				CF299F712A5CBD1E00CF1C3F /* Preview Assets.xcassets in Resources */,
				CF299F6D2A5CBD1E00CF1C3F /* Assets.xcassets in Resources */,
			);
			runOnlyForDeploymentPostprocessing = 0;
		};
		CF299F742A5CBD1E00CF1C3F /* Resources */ = {
			isa = PBXResourcesBuildPhase;
			buildActionMask = 2147483647;
			files = (
			);
			runOnlyForDeploymentPostprocessing = 0;
		};
		CF299F7E2A5CBD1E00CF1C3F /* Resources */ = {
			isa = PBXResourcesBuildPhase;
			buildActionMask = 2147483647;
			files = (
			);
			runOnlyForDeploymentPostprocessing = 0;
		};
/* End PBXResourcesBuildPhase section */

/* Begin PBXSourcesBuildPhase section */
		CF299F5F2A5CBD1D00CF1C3F /* Sources */ = {
			isa = PBXSourcesBuildPhase;
			buildActionMask = 2147483647;
			files = (
				CFEFB9462A63FF5000AE61F1 /* ContentView.swift in Sources */,
				CF568F992A693F7A00798AB9 /* HabitStoreView.swift in Sources */,
				CF3C1A912A641D9C00711D61 /* CustomTabBar.swift in Sources */,
				CF3C1AA42A64664C00711D61 /* AppearanceConfigurator.swift in Sources */,
				CF3C1A8F2A641BD300711D61 /* HapticFeedback.swift in Sources */,
				CF568F9B2A6940A400798AB9 /* HabitDetailsView2.swift in Sources */,
				CF3C1A9A2A64227200711D61 /* OnboardingView.swift in Sources */,
				CF568FA12A69487100798AB9 /* CategoryCardView.swift in Sources */,
				CF299F692A5CBD1D00CF1C3F /* Item.swift in Sources */,
				CF3C1AA82A64753B00711D61 /* SelectableButton.swift in Sources */,
				CFEFB9382A635E4800AE61F1 /* DashboardView.swift in Sources */,
				CF3C1A9F2A64246800711D61 /* Date.swift in Sources */,
				CF568F9E2A69428500798AB9 /* HabitCardView.swift in Sources */,
				CFEFB93A2A63611200AE61F1 /* AddHabitView.swift in Sources */,
				CFEFB9402A63624500AE61F1 /* DailyReminderSetupView.swift in Sources */,
				CF299F672A5CBD1D00CF1C3F /* HabitsApp.swift in Sources */,
				CF3C1AA22A64251000711D61 /* HabitListView.swift in Sources */,
				CF299F972A63599A00CF1C3F /* Color.swift in Sources */,
				CF3C1AA62A646A3A00711D61 /* BackgroundGradient.swift in Sources */,
				CFEFB9442A636AF200AE61F1 /* HabitRowView.swift in Sources */,
				CF3C1A992A64227200711D61 /* OnboardingContentView.swift in Sources */,
				CF568FA32A6948A700798AB9 /* RoadmapCardView.swift in Sources */,
				CFEFB9422A63626B00AE61F1 /* NightlySummaryView.swift in Sources */,
				CF3C1A9D2A6423B200711D61 /* Habit.swift in Sources */,
				CFEFB93C2A63614000AE61F1 /* HabitDetailView.swift in Sources */,
				CF299F6B2A5CBD1D00CF1C3F /* ContentView_OG.swift in Sources */,
			);
			runOnlyForDeploymentPostprocessing = 0;
		};
		CF299F722A5CBD1E00CF1C3F /* Sources */ = {
			isa = PBXSourcesBuildPhase;
			buildActionMask = 2147483647;
			files = (
				CF299F7B2A5CBD1E00CF1C3F /* HabitsTests.swift in Sources */,
			);
			runOnlyForDeploymentPostprocessing = 0;
		};
		CF299F7C2A5CBD1E00CF1C3F /* Sources */ = {
			isa = PBXSourcesBuildPhase;
			buildActionMask = 2147483647;
			files = (
				CF299F852A5CBD1E00CF1C3F /* HabitsUITests.swift in Sources */,
				CF299F872A5CBD1E00CF1C3F /* HabitsUITestsLaunchTests.swift in Sources */,
			);
			runOnlyForDeploymentPostprocessing = 0;
		};
/* End PBXSourcesBuildPhase section */

/* Begin PBXTargetDependency section */
		CF299F782A5CBD1E00CF1C3F /* PBXTargetDependency */ = {
			isa = PBXTargetDependency;
			target = CF299F622A5CBD1D00CF1C3F /* Habits */;
			targetProxy = CF299F772A5CBD1E00CF1C3F /* PBXContainerItemProxy */;
		};
		CF299F822A5CBD1E00CF1C3F /* PBXTargetDependency */ = {
			isa = PBXTargetDependency;
			target = CF299F622A5CBD1D00CF1C3F /* Habits */;
			targetProxy = CF299F812A5CBD1E00CF1C3F /* PBXContainerItemProxy */;
		};
/* End PBXTargetDependency section */

/* Begin XCBuildConfiguration section */
		CF299F882A5CBD1E00CF1C3F /* Debug */ = {
			isa = XCBuildConfiguration;
			buildSettings = {
				ALWAYS_SEARCH_USER_PATHS = NO;
				ASSETCATALOG_COMPILER_GENERATE_SWIFT_ASSET_SYMBOL_EXTENSIONS = YES;
				CLANG_ANALYZER_NONNULL = YES;
				CLANG_ANALYZER_NUMBER_OBJECT_CONVERSION = YES_AGGRESSIVE;
				CLANG_CXX_LANGUAGE_STANDARD = "gnu++20";
				CLANG_ENABLE_MODULES = YES;
				CLANG_ENABLE_OBJC_ARC = YES;
				CLANG_ENABLE_OBJC_WEAK = YES;
				CLANG_WARN_BLOCK_CAPTURE_AUTORELEASING = YES;
				CLANG_WARN_BOOL_CONVERSION = YES;
				CLANG_WARN_COMMA = YES;
				CLANG_WARN_CONSTANT_CONVERSION = YES;
				CLANG_WARN_DEPRECATED_OBJC_IMPLEMENTATIONS = YES;
				CLANG_WARN_DIRECT_OBJC_ISA_USAGE = YES_ERROR;
				CLANG_WARN_DOCUMENTATION_COMMENTS = YES;
				CLANG_WARN_EMPTY_BODY = YES;
				CLANG_WARN_ENUM_CONVERSION = YES;
				CLANG_WARN_INFINITE_RECURSION = YES;
				CLANG_WARN_INT_CONVERSION = YES;
				CLANG_WARN_NON_LITERAL_NULL_CONVERSION = YES;
				CLANG_WARN_OBJC_IMPLICIT_RETAIN_SELF = YES;
				CLANG_WARN_OBJC_LITERAL_CONVERSION = YES;
				CLANG_WARN_OBJC_ROOT_CLASS = YES_ERROR;
				CLANG_WARN_QUOTED_INCLUDE_IN_FRAMEWORK_HEADER = YES;
				CLANG_WARN_RANGE_LOOP_ANALYSIS = YES;
				CLANG_WARN_STRICT_PROTOTYPES = YES;
				CLANG_WARN_SUSPICIOUS_MOVE = YES;
				CLANG_WARN_UNGUARDED_AVAILABILITY = YES_AGGRESSIVE;
				CLANG_WARN_UNREACHABLE_CODE = YES;
				CLANG_WARN__DUPLICATE_METHOD_MATCH = YES;
				COPY_PHASE_STRIP = NO;
				DEBUG_INFORMATION_FORMAT = dwarf;
				ENABLE_STRICT_OBJC_MSGSEND = YES;
				ENABLE_TESTABILITY = YES;
				ENABLE_USER_SCRIPT_SANDBOXING = YES;
				GCC_C_LANGUAGE_STANDARD = gnu17;
				GCC_DYNAMIC_NO_PIC = NO;
				GCC_NO_COMMON_BLOCKS = YES;
				GCC_OPTIMIZATION_LEVEL = 0;
				GCC_PREPROCESSOR_DEFINITIONS = (
					"DEBUG=1",
					"$(inherited)",
				);
				GCC_WARN_64_TO_32_BIT_CONVERSION = YES;
				GCC_WARN_ABOUT_RETURN_TYPE = YES_ERROR;
				GCC_WARN_UNDECLARED_SELECTOR = YES;
				GCC_WARN_UNINITIALIZED_AUTOS = YES_AGGRESSIVE;
				GCC_WARN_UNUSED_FUNCTION = YES;
				GCC_WARN_UNUSED_VARIABLE = YES;
				LOCALIZATION_PREFERS_STRING_CATALOGS = YES;
				MTL_ENABLE_DEBUG_INFO = INCLUDE_SOURCE;
				MTL_FAST_MATH = YES;
				ONLY_ACTIVE_ARCH = YES;
				SWIFT_ACTIVE_COMPILATION_CONDITIONS = "DEBUG $(inherited)";
				SWIFT_OPTIMIZATION_LEVEL = "-Onone";
			};
			name = Debug;
		};
		CF299F892A5CBD1E00CF1C3F /* Release */ = {
			isa = XCBuildConfiguration;
			buildSettings = {
				ALWAYS_SEARCH_USER_PATHS = NO;
				ASSETCATALOG_COMPILER_GENERATE_SWIFT_ASSET_SYMBOL_EXTENSIONS = YES;
				CLANG_ANALYZER_NONNULL = YES;
				CLANG_ANALYZER_NUMBER_OBJECT_CONVERSION = YES_AGGRESSIVE;
				CLANG_CXX_LANGUAGE_STANDARD = "gnu++20";
				CLANG_ENABLE_MODULES = YES;
				CLANG_ENABLE_OBJC_ARC = YES;
				CLANG_ENABLE_OBJC_WEAK = YES;
				CLANG_WARN_BLOCK_CAPTURE_AUTORELEASING = YES;
				CLANG_WARN_BOOL_CONVERSION = YES;
				CLANG_WARN_COMMA = YES;
				CLANG_WARN_CONSTANT_CONVERSION = YES;
				CLANG_WARN_DEPRECATED_OBJC_IMPLEMENTATIONS = YES;
				CLANG_WARN_DIRECT_OBJC_ISA_USAGE = YES_ERROR;
				CLANG_WARN_DOCUMENTATION_COMMENTS = YES;
				CLANG_WARN_EMPTY_BODY = YES;
				CLANG_WARN_ENUM_CONVERSION = YES;
				CLANG_WARN_INFINITE_RECURSION = YES;
				CLANG_WARN_INT_CONVERSION = YES;
				CLANG_WARN_NON_LITERAL_NULL_CONVERSION = YES;
				CLANG_WARN_OBJC_IMPLICIT_RETAIN_SELF = YES;
				CLANG_WARN_OBJC_LITERAL_CONVERSION = YES;
				CLANG_WARN_OBJC_ROOT_CLASS = YES_ERROR;
				CLANG_WARN_QUOTED_INCLUDE_IN_FRAMEWORK_HEADER = YES;
				CLANG_WARN_RANGE_LOOP_ANALYSIS = YES;
				CLANG_WARN_STRICT_PROTOTYPES = YES;
				CLANG_WARN_SUSPICIOUS_MOVE = YES;
				CLANG_WARN_UNGUARDED_AVAILABILITY = YES_AGGRESSIVE;
				CLANG_WARN_UNREACHABLE_CODE = YES;
				CLANG_WARN__DUPLICATE_METHOD_MATCH = YES;
				COPY_PHASE_STRIP = NO;
				DEBUG_INFORMATION_FORMAT = "dwarf-with-dsym";
				ENABLE_NS_ASSERTIONS = NO;
				ENABLE_STRICT_OBJC_MSGSEND = YES;
				ENABLE_USER_SCRIPT_SANDBOXING = YES;
				GCC_C_LANGUAGE_STANDARD = gnu17;
				GCC_NO_COMMON_BLOCKS = YES;
				GCC_WARN_64_TO_32_BIT_CONVERSION = YES;
				GCC_WARN_ABOUT_RETURN_TYPE = YES_ERROR;
				GCC_WARN_UNDECLARED_SELECTOR = YES;
				GCC_WARN_UNINITIALIZED_AUTOS = YES_AGGRESSIVE;
				GCC_WARN_UNUSED_FUNCTION = YES;
				GCC_WARN_UNUSED_VARIABLE = YES;
				LOCALIZATION_PREFERS_STRING_CATALOGS = YES;
				MTL_ENABLE_DEBUG_INFO = NO;
				MTL_FAST_MATH = YES;
				SWIFT_COMPILATION_MODE = wholemodule;
			};
			name = Release;
		};
		CF299F8B2A5CBD1E00CF1C3F /* Debug */ = {
			isa = XCBuildConfiguration;
			buildSettings = {
				ASSETCATALOG_COMPILER_APPICON_NAME = AppIcon;
				ASSETCATALOG_COMPILER_GLOBAL_ACCENT_COLOR_NAME = AccentColor;
				CODE_SIGN_ENTITLEMENTS = Habits/Habits.entitlements;
				CODE_SIGN_STYLE = Automatic;
				CURRENT_PROJECT_VERSION = 1;
				DEVELOPMENT_ASSET_PATHS = "\"Habits/Preview Content\"";
				DEVELOPMENT_TEAM = 2BSD3K249X;
				ENABLE_HARDENED_RUNTIME = YES;
				ENABLE_PREVIEWS = YES;
				GENERATE_INFOPLIST_FILE = YES;
				"INFOPLIST_KEY_UIApplicationSceneManifest_Generation[sdk=iphoneos*]" = YES;
				"INFOPLIST_KEY_UIApplicationSceneManifest_Generation[sdk=iphonesimulator*]" = YES;
				"INFOPLIST_KEY_UIApplicationSupportsIndirectInputEvents[sdk=iphoneos*]" = YES;
				"INFOPLIST_KEY_UIApplicationSupportsIndirectInputEvents[sdk=iphonesimulator*]" = YES;
				"INFOPLIST_KEY_UILaunchScreen_Generation[sdk=iphoneos*]" = YES;
				"INFOPLIST_KEY_UILaunchScreen_Generation[sdk=iphonesimulator*]" = YES;
				"INFOPLIST_KEY_UIStatusBarStyle[sdk=iphoneos*]" = UIStatusBarStyleDefault;
				"INFOPLIST_KEY_UIStatusBarStyle[sdk=iphonesimulator*]" = UIStatusBarStyleDefault;
				INFOPLIST_KEY_UISupportedInterfaceOrientations_iPad = "UIInterfaceOrientationPortrait UIInterfaceOrientationPortraitUpsideDown UIInterfaceOrientationLandscapeLeft UIInterfaceOrientationLandscapeRight";
				INFOPLIST_KEY_UISupportedInterfaceOrientations_iPhone = "UIInterfaceOrientationPortrait UIInterfaceOrientationLandscapeLeft UIInterfaceOrientationLandscapeRight";
				IPHONEOS_DEPLOYMENT_TARGET = 17.0;
				LD_RUNPATH_SEARCH_PATHS = "@executable_path/Frameworks";
				"LD_RUNPATH_SEARCH_PATHS[sdk=macosx*]" = "@executable_path/../Frameworks";
				MACOSX_DEPLOYMENT_TARGET = 13.4;
				MARKETING_VERSION = 1.0;
				PRODUCT_BUNDLE_IDENTIFIER = com.miguelchavezweb.Habits;
				PRODUCT_NAME = "$(TARGET_NAME)";
				SDKROOT = auto;
				SUPPORTED_PLATFORMS = "iphoneos iphonesimulator macosx";
				SWIFT_EMIT_LOC_STRINGS = YES;
				SWIFT_VERSION = 5.0;
				TARGETED_DEVICE_FAMILY = "1,2";
			};
			name = Debug;
		};
		CF299F8C2A5CBD1E00CF1C3F /* Release */ = {
			isa = XCBuildConfiguration;
			buildSettings = {
				ASSETCATALOG_COMPILER_APPICON_NAME = AppIcon;
				ASSETCATALOG_COMPILER_GLOBAL_ACCENT_COLOR_NAME = AccentColor;
				CODE_SIGN_ENTITLEMENTS = Habits/Habits.entitlements;
				CODE_SIGN_STYLE = Automatic;
				CURRENT_PROJECT_VERSION = 1;
				DEVELOPMENT_ASSET_PATHS = "\"Habits/Preview Content\"";
				DEVELOPMENT_TEAM = 2BSD3K249X;
				ENABLE_HARDENED_RUNTIME = YES;
				ENABLE_PREVIEWS = YES;
				GENERATE_INFOPLIST_FILE = YES;
				"INFOPLIST_KEY_UIApplicationSceneManifest_Generation[sdk=iphoneos*]" = YES;
				"INFOPLIST_KEY_UIApplicationSceneManifest_Generation[sdk=iphonesimulator*]" = YES;
				"INFOPLIST_KEY_UIApplicationSupportsIndirectInputEvents[sdk=iphoneos*]" = YES;
				"INFOPLIST_KEY_UIApplicationSupportsIndirectInputEvents[sdk=iphonesimulator*]" = YES;
				"INFOPLIST_KEY_UILaunchScreen_Generation[sdk=iphoneos*]" = YES;
				"INFOPLIST_KEY_UILaunchScreen_Generation[sdk=iphonesimulator*]" = YES;
				"INFOPLIST_KEY_UIStatusBarStyle[sdk=iphoneos*]" = UIStatusBarStyleDefault;
				"INFOPLIST_KEY_UIStatusBarStyle[sdk=iphonesimulator*]" = UIStatusBarStyleDefault;
				INFOPLIST_KEY_UISupportedInterfaceOrientations_iPad = "UIInterfaceOrientationPortrait UIInterfaceOrientationPortraitUpsideDown UIInterfaceOrientationLandscapeLeft UIInterfaceOrientationLandscapeRight";
				INFOPLIST_KEY_UISupportedInterfaceOrientations_iPhone = "UIInterfaceOrientationPortrait UIInterfaceOrientationLandscapeLeft UIInterfaceOrientationLandscapeRight";
				IPHONEOS_DEPLOYMENT_TARGET = 17.0;
				LD_RUNPATH_SEARCH_PATHS = "@executable_path/Frameworks";
				"LD_RUNPATH_SEARCH_PATHS[sdk=macosx*]" = "@executable_path/../Frameworks";
				MACOSX_DEPLOYMENT_TARGET = 13.4;
				MARKETING_VERSION = 1.0;
				PRODUCT_BUNDLE_IDENTIFIER = com.miguelchavezweb.Habits;
				PRODUCT_NAME = "$(TARGET_NAME)";
				SDKROOT = auto;
				SUPPORTED_PLATFORMS = "iphoneos iphonesimulator macosx";
				SWIFT_EMIT_LOC_STRINGS = YES;
				SWIFT_VERSION = 5.0;
				TARGETED_DEVICE_FAMILY = "1,2";
			};
			name = Release;
		};
		CF299F8E2A5CBD1E00CF1C3F /* Debug */ = {
			isa = XCBuildConfiguration;
			buildSettings = {
				ALWAYS_EMBED_SWIFT_STANDARD_LIBRARIES = YES;
				BUNDLE_LOADER = "$(TEST_HOST)";
				CODE_SIGN_STYLE = Automatic;
				CURRENT_PROJECT_VERSION = 1;
				DEVELOPMENT_TEAM = 2BSD3K249X;
				GENERATE_INFOPLIST_FILE = YES;
				IPHONEOS_DEPLOYMENT_TARGET = 17.0;
				MACOSX_DEPLOYMENT_TARGET = 13.4;
				MARKETING_VERSION = 1.0;
				PRODUCT_BUNDLE_IDENTIFIER = com.miguelchavezweb.HabitsTests;
				PRODUCT_NAME = "$(TARGET_NAME)";
				SDKROOT = auto;
				SUPPORTED_PLATFORMS = "iphoneos iphonesimulator macosx";
				SWIFT_EMIT_LOC_STRINGS = NO;
				SWIFT_VERSION = 5.0;
				TARGETED_DEVICE_FAMILY = "1,2";
				TEST_HOST = "$(BUILT_PRODUCTS_DIR)/Habits.app/$(BUNDLE_EXECUTABLE_FOLDER_PATH)/Habits";
			};
			name = Debug;
		};
		CF299F8F2A5CBD1E00CF1C3F /* Release */ = {
			isa = XCBuildConfiguration;
			buildSettings = {
				ALWAYS_EMBED_SWIFT_STANDARD_LIBRARIES = YES;
				BUNDLE_LOADER = "$(TEST_HOST)";
				CODE_SIGN_STYLE = Automatic;
				CURRENT_PROJECT_VERSION = 1;
				DEVELOPMENT_TEAM = 2BSD3K249X;
				GENERATE_INFOPLIST_FILE = YES;
				IPHONEOS_DEPLOYMENT_TARGET = 17.0;
				MACOSX_DEPLOYMENT_TARGET = 13.4;
				MARKETING_VERSION = 1.0;
				PRODUCT_BUNDLE_IDENTIFIER = com.miguelchavezweb.HabitsTests;
				PRODUCT_NAME = "$(TARGET_NAME)";
				SDKROOT = auto;
				SUPPORTED_PLATFORMS = "iphoneos iphonesimulator macosx";
				SWIFT_EMIT_LOC_STRINGS = NO;
				SWIFT_VERSION = 5.0;
				TARGETED_DEVICE_FAMILY = "1,2";
				TEST_HOST = "$(BUILT_PRODUCTS_DIR)/Habits.app/$(BUNDLE_EXECUTABLE_FOLDER_PATH)/Habits";
			};
			name = Release;
		};
		CF299F912A5CBD1E00CF1C3F /* Debug */ = {
			isa = XCBuildConfiguration;
			buildSettings = {
				ALWAYS_EMBED_SWIFT_STANDARD_LIBRARIES = YES;
				CODE_SIGN_STYLE = Automatic;
				CURRENT_PROJECT_VERSION = 1;
				DEVELOPMENT_TEAM = 2BSD3K249X;
				GENERATE_INFOPLIST_FILE = YES;
				IPHONEOS_DEPLOYMENT_TARGET = 17.0;
				MACOSX_DEPLOYMENT_TARGET = 13.4;
				MARKETING_VERSION = 1.0;
				PRODUCT_BUNDLE_IDENTIFIER = com.miguelchavezweb.HabitsUITests;
				PRODUCT_NAME = "$(TARGET_NAME)";
				SDKROOT = auto;
				SUPPORTED_PLATFORMS = "iphoneos iphonesimulator macosx";
				SWIFT_EMIT_LOC_STRINGS = NO;
				SWIFT_VERSION = 5.0;
				TARGETED_DEVICE_FAMILY = "1,2";
				TEST_TARGET_NAME = Habits;
			};
			name = Debug;
		};
		CF299F922A5CBD1E00CF1C3F /* Release */ = {
			isa = XCBuildConfiguration;
			buildSettings = {
				ALWAYS_EMBED_SWIFT_STANDARD_LIBRARIES = YES;
				CODE_SIGN_STYLE = Automatic;
				CURRENT_PROJECT_VERSION = 1;
				DEVELOPMENT_TEAM = 2BSD3K249X;
				GENERATE_INFOPLIST_FILE = YES;
				IPHONEOS_DEPLOYMENT_TARGET = 17.0;
				MACOSX_DEPLOYMENT_TARGET = 13.4;
				MARKETING_VERSION = 1.0;
				PRODUCT_BUNDLE_IDENTIFIER = com.miguelchavezweb.HabitsUITests;
				PRODUCT_NAME = "$(TARGET_NAME)";
				SDKROOT = auto;
				SUPPORTED_PLATFORMS = "iphoneos iphonesimulator macosx";
				SWIFT_EMIT_LOC_STRINGS = NO;
				SWIFT_VERSION = 5.0;
				TARGETED_DEVICE_FAMILY = "1,2";
				TEST_TARGET_NAME = Habits;
			};
			name = Release;
		};
/* End XCBuildConfiguration section */

/* Begin XCConfigurationList section */
		CF299F5E2A5CBD1D00CF1C3F /* Build configuration list for PBXProject "Habits" */ = {
			isa = XCConfigurationList;
			buildConfigurations = (
				CF299F882A5CBD1E00CF1C3F /* Debug */,
				CF299F892A5CBD1E00CF1C3F /* Release */,
			);
			defaultConfigurationIsVisible = 0;
			defaultConfigurationName = Release;
		};
		CF299F8A2A5CBD1E00CF1C3F /* Build configuration list for PBXNativeTarget "Habits" */ = {
			isa = XCConfigurationList;
			buildConfigurations = (
				CF299F8B2A5CBD1E00CF1C3F /* Debug */,
				CF299F8C2A5CBD1E00CF1C3F /* Release */,
			);
			defaultConfigurationIsVisible = 0;
			defaultConfigurationName = Release;
		};
		CF299F8D2A5CBD1E00CF1C3F /* Build configuration list for PBXNativeTarget "HabitsTests" */ = {
			isa = XCConfigurationList;
			buildConfigurations = (
				CF299F8E2A5CBD1E00CF1C3F /* Debug */,
				CF299F8F2A5CBD1E00CF1C3F /* Release */,
			);
			defaultConfigurationIsVisible = 0;
			defaultConfigurationName = Release;
		};
		CF299F902A5CBD1E00CF1C3F /* Build configuration list for PBXNativeTarget "HabitsUITests" */ = {
			isa = XCConfigurationList;
			buildConfigurations = (
				CF299F912A5CBD1E00CF1C3F /* Debug */,
				CF299F922A5CBD1E00CF1C3F /* Release */,
			);
			defaultConfigurationIsVisible = 0;
			defaultConfigurationName = Release;
		};
/* End XCConfigurationList section */
	};
	rootObject = CF299F5B2A5CBD1D00CF1C3F /* Project object */;
}
